
Microsoft Visual Studio Solution File, Format Version 12.00
# Visual Studio Version 16
VisualStudioVersion = 16.0.30011.22
MinimumVisualStudioVersion = 10.0.40219.1
Project("{FAE04EC0-301F-11D3-BF4B-00C04F79EFBC}") = "OpenCVHavrylov", "OpenCVHavrylov\OpenCVHavrylov.csproj", "{1B46081C-1028-44F7-AC5F-0F372B6EDF4E}"
EndProject
Project("{FAE04EC0-301F-11D3-BF4B-00C04F79EFBC}") = "OpenCVConsoleHavrylov", "OpenCVConsoleHavrylov\OpenCVConsoleHavrylov.csproj", "{1F201E73-ED4E-46AF-A0BB-D65559613A84}"
EndProject
Global
	GlobalSection(SolutionConfigurationPlatforms) = preSolution
		Debug|Any CPU = Debug|Any CPU
		Release|Any CPU = Release|Any CPU
	EndGlobalSection
	GlobalSection(ProjectConfigurationPlatforms) = postSolution
		{1B46081C-1028-44F7-AC5F-0F372B6EDF4E}.Debug|Any CPU.ActiveCfg = Debug|Any CPU
		{1B46081C-1028-44F7-AC5F-0F372B6EDF4E}.Debug|Any CPU.Build.0 = Debug|Any CPU
		{1B46081C-1028-44F7-AC5F-0F372B6EDF4E}.Release|Any CPU.ActiveCfg = Release|Any CPU
		{1B46081C-1028-44F7-AC5F-0F372B6EDF4E}.Release|Any CPU.Build.0 = Release|Any CPU
		{1F201E73-ED4E-46AF-A0BB-D65559613A84}.Debug|Any CPU.ActiveCfg = Debug|Any CPU
		{1F201E73-ED4E-46AF-A0BB-D65559613A84}.Debug|Any CPU.Build.0 = Debug|Any CPU
		{1F201E73-ED4E-46AF-A0BB-D65559613A84}.Release|Any CPU.ActiveCfg = Release|Any CPU
		{1F201E73-ED4E-46AF-A0BB-D65559613A84}.Release|Any CPU.Build.0 = Release|Any CPU
	EndGlobalSection
	GlobalSection(SolutionProperties) = preSolution
		HideSolutionNode = FALSE
	EndGlobalSection
	GlobalSection(ExtensibilityGlobals) = postSolution
		SolutionGuid = {E921AF7B-6EBD-4F5B-BD0D-8E8F210D94C6}
	EndGlobalSection
EndGlobal
